{
  "name": "all-collect",
  "version": "1.0.0",
  "lockfileVersion": 2,
  "requires": true,
  "packages": {
    "": {
      "name": "all-collect",
      "version": "1.0.0",
      "license": "ISC",
      "dependencies": {
        "jquery": "^3.7.0",
        "marked": "^5.0.2"
      }
    },
    "node_modules/jquery": {
      "version": "3.7.0",
      "resolved": "https://registry.npmmirror.com/jquery/-/jquery-3.7.0.tgz",
      "integrity": "sha512-umpJ0/k8X0MvD1ds0P9SfowREz2LenHsQaxSohMZ5OMNEU2r0tf8pdeEFTHMFxWVxKNyU9rTtK3CWzUCTKJUeQ=="
    },
    "node_modules/marked": {
      "version": "5.0.2",
      "resolved": "https://registry.npmmirror.com/marked/-/marked-5.0.2.tgz",
      "integrity": "sha512-TXksm9GwqXCRNbFUZmMtqNLvy3K2cQHuWmyBDLOrY1e6i9UvZpOTJXoz7fBjYkJkaUFzV9hBFxMuZSyQt8R6KQ==",
      "bin": {
        "marked": "bin/marked.js"
      },
      "engines": {
        "node": ">= 18"
      }
    }
  },
  "dependencies": {
    "jquery": {
      "version": "3.7.0",
      "resolved": "https://registry.npmmirror.com/jquery/-/jquery-3.7.0.tgz",
      "integrity": "sha512-umpJ0/k8X0MvD1ds0P9SfowREz2LenHsQaxSohMZ5OMNEU2r0tf8pdeEFTHMFxWVxKNyU9rTtK3CWzUCTKJUeQ=="
    },
    "marked": {
      "version": "5.0.2",
      "resolved": "https://registry.npmmirror.com/marked/-/marked-5.0.2.tgz",
      "integrity": "sha512-TXksm9GwqXCRNbFUZmMtqNLvy3K2cQHuWmyBDLOrY1e6i9UvZpOTJXoz7fBjYkJkaUFzV9hBFxMuZSyQt8R6KQ=="
    }
  }
}
